
Microsoft Visual Studio Solution File, Format Version 12.00
Project("{FAE04EC0-301F-11D3-BF4B-00C04F79EFBC}") = "FirewallCracker", "FirewallCracker\FirewallCracker.csproj", "{B0135C40-E548-4E71-A986-A5C93ED2FF7A}"
EndProject
Project("{FAE04EC0-301F-11D3-BF4B-00C04F79EFBC}") = "FirewallCracker.Tests", "FirewallCracker.Tests\FirewallCracker.Tests.csproj", "{28053F82-724E-46CD-AE74-4422CBC2682B}"
EndProject
Project("{FAE04EC0-301F-11D3-BF4B-00C04F79EFBC}") = "FirewallCracker.Core", "FirewallCracker.Core\FirewallCracker.Core.csproj", "{34E25038-7312-46B4-B9C5-815EC8C72BB2}"
EndProject
Project("{FAE04EC0-301F-11D3-BF4B-00C04F79EFBC}") = "FirewallCracker.Adapters", "FirewallCracker.Adapters\FirewallCracker.Adapters.csproj", "{B8A52DBF-128B-4B6A-AC51-914596BC2FE9}"
EndProject
Global
	GlobalSection(SolutionConfigurationPlatforms) = preSolution
		Debug|Any CPU = Debug|Any CPU
		Release|Any CPU = Release|Any CPU
	EndGlobalSection
	GlobalSection(ProjectConfigurationPlatforms) = postSolution
		{B0135C40-E548-4E71-A986-A5C93ED2FF7A}.Debug|Any CPU.ActiveCfg = Debug|Any CPU
		{B0135C40-E548-4E71-A986-A5C93ED2FF7A}.Debug|Any CPU.Build.0 = Debug|Any CPU
		{B0135C40-E548-4E71-A986-A5C93ED2FF7A}.Release|Any CPU.ActiveCfg = Release|Any CPU
		{B0135C40-E548-4E71-A986-A5C93ED2FF7A}.Release|Any CPU.Build.0 = Release|Any CPU
		{28053F82-724E-46CD-AE74-4422CBC2682B}.Debug|Any CPU.ActiveCfg = Debug|Any CPU
		{28053F82-724E-46CD-AE74-4422CBC2682B}.Debug|Any CPU.Build.0 = Debug|Any CPU
		{28053F82-724E-46CD-AE74-4422CBC2682B}.Release|Any CPU.ActiveCfg = Release|Any CPU
		{28053F82-724E-46CD-AE74-4422CBC2682B}.Release|Any CPU.Build.0 = Release|Any CPU
		{34E25038-7312-46B4-B9C5-815EC8C72BB2}.Debug|Any CPU.ActiveCfg = Debug|Any CPU
		{34E25038-7312-46B4-B9C5-815EC8C72BB2}.Debug|Any CPU.Build.0 = Debug|Any CPU
		{34E25038-7312-46B4-B9C5-815EC8C72BB2}.Release|Any CPU.ActiveCfg = Release|Any CPU
		{34E25038-7312-46B4-B9C5-815EC8C72BB2}.Release|Any CPU.Build.0 = Release|Any CPU
		{B8A52DBF-128B-4B6A-AC51-914596BC2FE9}.Debug|Any CPU.ActiveCfg = Debug|Any CPU
		{B8A52DBF-128B-4B6A-AC51-914596BC2FE9}.Debug|Any CPU.Build.0 = Debug|Any CPU
		{B8A52DBF-128B-4B6A-AC51-914596BC2FE9}.Release|Any CPU.ActiveCfg = Release|Any CPU
		{B8A52DBF-128B-4B6A-AC51-914596BC2FE9}.Release|Any CPU.Build.0 = Release|Any CPU
	EndGlobalSection
EndGlobal
